// !$*UTF8*$!
{
	archiveVersion = 1;
	classes = {
	};
	objectVersion = 46;
	objects = {

/* Begin PBXBuildFile section */
		C99FB2FF1DF0BD8D00D679D5 /* AppDelegate.swift in Sources */ = {isa = PBXBuildFile; fileRef = C99FB2FE1DF0BD8D00D679D5 /* AppDelegate.swift */; };
		C99FB3011DF0BD8D00D679D5 /* VīęwČøntröłler.swift in Sources */ = {isa = PBXBuildFile; fileRef = C99FB3001DF0BD8D00D679D5 /* VīęwČøntröłler.swift */; };
		C99FB3041DF0BD8D00D679D5 /* Main.storyboard in Resources */ = {isa = PBXBuildFile; fileRef = C99FB3021DF0BD8D00D679D5 /* Main.storyboard */; };
		C99FB3061DF0BD8D00D679D5 /* Assets.xcassets in Resources */ = {isa = PBXBuildFile; fileRef = C99FB3051DF0BD8D00D679D5 /* Assets.xcassets */; };
		C99FB3091DF0BD8D00D679D5 /* LaunchScreen.storyboard in Resources */ = {isa = PBXBuildFile; fileRef = C99FB3071DF0BD8D00D679D5 /* LaunchScreen.storyboard */; };
		C99FB3141DF0BD8D00D679D5 /* testTests.swift in Sources */ = {isa = PBXBuildFile; fileRef = C99FB3131DF0BD8D00D679D5 /* testTests.swift */; };
		C99FB31F1DF0BD8D00D679D5 /* testUITests.swift in Sources */ = {isa = PBXBuildFile; fileRef = C99FB31E1DF0BD8D00D679D5 /* testUITests.swift */; };
/* End PBXBuildFile section */

/* Begin PBXContainerItemProxy section */
		C99FB3101DF0BD8D00D679D5 /* PBXContainerItemProxy */ = {
			isa = PBXContainerItemProxy;
			containerPortal = C99FB2F31DF0BD8D00D679D5 /* Project object */;
			proxyType = 1;
			remoteGlobalIDString = C99FB2FA1DF0BD8D00D679D5;
			remoteInfo = test;
		};
		C99FB31B1DF0BD8D00D679D5 /* PBXContainerItemProxy */ = {
			isa = PBXContainerItemProxy;
			containerPortal = C99FB2F31DF0BD8D00D679D5 /* Project object */;
			proxyType = 1;
			remoteGlobalIDString = C99FB2FA1DF0BD8D00D679D5;
			remoteInfo = test;
		};
/* End PBXContainerItemProxy section */

/* Begin PBXFileReference section */
		C99FB2FB1DF0BD8D00D679D5 /* test.app */ = {isa = PBXFileReference; explicitFileType = wrapper.application; includeInIndex = 0; path = test.app; sourceTree = BUILT_PRODUCTS_DIR; };
		C99FB2FE1DF0BD8D00D679D5 /* AppDelegate.swift */ = {isa = PBXFileReference; lastKnownFileType = sourcecode.swift; path = AppDelegate.swift; sourceTree = "<group>"; };
		C99FB3001DF0BD8D00D679D5 /* VīęwČøntröłler.swift */ = {isa = PBXFileReference; lastKnownFileType = sourcecode.swift; path = "VīęwČøntröłler.swift"; sourceTree = "<group>"; };
		C99FB3031DF0BD8D00D679D5 /* Base */ = {isa = PBXFileReference; lastKnownFileType = file.storyboard; name = Base; path = Base.lproj/Main.storyboard; sourceTree = "<group>"; };
		C99FB3051DF0BD8D00D679D5 /* Assets.xcassets */ = {isa = PBXFileReference; lastKnownFileType = folder.assetcatalog; path = Assets.xcassets; sourceTree = "<group>"; };
		C99FB3081DF0BD8D00D679D5 /* Base */ = {isa = PBXFileReference; lastKnownFileType = file.storyboard; name = Base; path = Base.lproj/LaunchScreen.storyboard; sourceTree = "<group>"; };
		C99FB30A1DF0BD8D00D679D5 /* Info.plist */ = {isa = PBXFileReference; lastKnownFileType = text.plist.xml; path = Info.plist; sourceTree = "<group>"; };
		C99FB30F1DF0BD8D00D679D5 /* testTests.xctest */ = {isa = PBXFileReference; explicitFileType = wrapper.cfbundle; includeInIndex = 0; path = testTests.xctest; sourceTree = BUILT_PRODUCTS_DIR; };
		C99FB3131DF0BD8D00D679D5 /* testTests.swift */ = {isa = PBXFileReference; lastKnownFileType = sourcecode.swift; path = testTests.swift; sourceTree = "<group>"; };
		C99FB3151DF0BD8D00D679D5 /* Info.plist */ = {isa = PBXFileReference; lastKnownFileType = text.plist.xml; path = Info.plist; sourceTree = "<group>"; };
		C99FB31A1DF0BD8D00D679D5 /* testUITests.xctest */ = {isa = PBXFileReference; explicitFileType = wrapper.cfbundle; includeInIndex = 0; path = testUITests.xctest; sourceTree = BUILT_PRODUCTS_DIR; };
		C99FB31E1DF0BD8D00D679D5 /* testUITests.swift */ = {isa = PBXFileReference; lastKnownFileType = sourcecode.swift; path = testUITests.swift; sourceTree = "<group>"; };
		C99FB3201DF0BD8D00D679D5 /* Info.plist */ = {isa = PBXFileReference; lastKnownFileType = text.plist.xml; path = Info.plist; sourceTree = "<group>"; };
/* End PBXFileReference section */

/* Begin PBXGroup section */
		C99FB2F21DF0BD8D00D679D5 = {
			isa = PBXGroup;
			children = (
				C99FB2FD1DF0BD8D00D679D5 /* test */,
				C99FB3121DF0BD8D00D679D5 /* testTests */,
				C99FB31D1DF0BD8D00D679D5 /* testUITests */,
				C99FB2FC1DF0BD8D00D679D5 /* Products */,
			);
			sourceTree = "<group>";
		};
		C99FB2FC1DF0BD8D00D679D5 /* Products */ = {
			isa = PBXGroup;
			children = (
				C99FB2FB1DF0BD8D00D679D5 /* test.app */,
				C99FB30F1DF0BD8D00D679D5 /* testTests.xctest */,
				C99FB31A1DF0BD8D00D679D5 /* testUITests.xctest */,
			);
			name = Products;
			sourceTree = "<group>";
		};
		C99FB2FD1DF0BD8D00D679D5 /* test */ = {
			isa = PBXGroup;
			children = (
				C99FB2FE1DF0BD8D00D679D5 /* AppDelegate.swift */,
				C99FB3001DF0BD8D00D679D5 /* VīęwČøntröłler.swift */,
				C99FB3021DF0BD8D00D679D5 /* Main.storyboard */,
				C99FB3051DF0BD8D00D679D5 /* Assets.xcassets */,
				C99FB3071DF0BD8D00D679D5 /* LaunchScreen.storyboard */,
				C99FB30A1DF0BD8D00D679D5 /* Info.plist */,
			);
			path = test;
			sourceTree = "<group>";
		};
		C99FB3121DF0BD8D00D679D5 /* testTests */ = {
			isa = PBXGroup;
			children = (
				C99FB3131DF0BD8D00D679D5 /* testTests.swift */,
				C99FB3151DF0BD8D00D679D5 /* Info.plist */,
			);
			path = testTests;
			sourceTree = "<group>";
		};
		C99FB31D1DF0BD8D00D679D5 /* testUITests */ = {
			isa = PBXGroup;
			children = (
				C99FB31E1DF0BD8D00D679D5 /* testUITests.swift */,
				C99FB3201DF0BD8D00D679D5 /* Info.plist */,
			);
			path = testUITests;
			sourceTree = "<group>";
		};
/* End PBXGroup section */

/* Begin PBXNativeTarget section */
		C99FB2FA1DF0BD8D00D679D5 /* test */ = {
			isa = PBXNativeTarget;
			buildConfigurationList = C99FB3231DF0BD8D00D679D5 /* Build configuration list for PBXNativeTarget "test" */;
			buildPhases = (
				C99FB2F71DF0BD8D00D679D5 /* Sources */,
				C99FB2F91DF0BD8D00D679D5 /* Resources */,
			);
			buildRules = (
			);
			dependencies = (
			);
			name = test;
			productName = test;
			productReference = C99FB2FB1DF0BD8D00D679D5 /* test.app */;
			productType = "com.apple.product-type.application";
		};
		C99FB30E1DF0BD8D00D679D5 /* testTests */ = {
			isa = PBXNativeTarget;
			buildConfigurationList = C99FB3261DF0BD8D00D679D5 /* Build configuration list for PBXNativeTarget "testTests" */;
			buildPhases = (
				C99FB30B1DF0BD8D00D679D5 /* Sources */,
			);
			buildRules = (
			);
			dependencies = (
				C99FB3111DF0BD8D00D679D5 /* PBXTargetDependency */,
			);
			name = testTests;
			productName = testTests;
			productReference = C99FB30F1DF0BD8D00D679D5 /* testTests.xctest */;
			productType = "com.apple.product-type.bundle.unit-test";
		};
		C99FB3191DF0BD8D00D679D5 /* testUITests */ = {
			isa = PBXNativeTarget;
			buildConfigurationList = C99FB3291DF0BD8D00D679D5 /* Build configuration list for PBXNativeTarget "testUITests" */;
			buildPhases = (
				C99FB3161DF0BD8D00D679D5 /* Sources */,
			);
			buildRules = (
			);
			dependencies = (
				C99FB31C1DF0BD8D00D679D5 /* PBXTargetDependency */,
			);
			name = testUITests;
			productName = testUITests;
			productReference = C99FB31A1DF0BD8D00D679D5 /* testUITests.xctest */;
			productType = "com.apple.product-type.bundle.ui-testing";
		};
/* End PBXNativeTarget section */

/* Begin PBXProject section */
		C99FB2F31DF0BD8D00D679D5 /* Project object */ = {
			isa = PBXProject;
			attributes = {
				LastSwiftUpdateCheck = 0810;
				LastUpgradeCheck = 0810;
				ORGANIZATIONNAME = "Ignacio Calderon";
				TargetAttributes = {
					C99FB2FA1DF0BD8D00D679D5 = {
						CreatedOnToolsVersion = 8.1;
						ProvisioningStyle = Automatic;
					};
					C99FB30E1DF0BD8D00D679D5 = {
						CreatedOnToolsVersion = 8.1;
						ProvisioningStyle = Automatic;
						TestTargetID = C99FB2FA1DF0BD8D00D679D5;
					};
					C99FB3191DF0BD8D00D679D5 = {
						CreatedOnToolsVersion = 8.1;
						ProvisioningStyle = Automatic;
						TestTargetID = C99FB2FA1DF0BD8D00D679D5;
					};
				};
			};
			buildConfigurationList = C99FB2F61DF0BD8D00D679D5 /* Build configuration list for PBXProject "test" */;
			compatibilityVersion = "Xcode 3.2";
			developmentRegion = English;
			hasScannedForEncodings = 0;
			knownRegions = (
				en,
				Base,
			);
			mainGroup = C99FB2F21DF0BD8D00D679D5;
			productRefGroup = C99FB2FC1DF0BD8D00D679D5 /* Products */;
			projectDirPath = "";
			projectRoot = "";
			targets = (
				C99FB2FA1DF0BD8D00D679D5 /* test */,
				C99FB30E1DF0BD8D00D679D5 /* testTests */,
				C99FB3191DF0BD8D00D679D5 /* testUITests */,
			);
		};
/* End PBXProject section */

/* Begin PBXResourcesBuildPhase section */
		C99FB2F91DF0BD8D00D679D5 /* Resources */ = {
			isa = PBXResourcesBuildPhase;
			buildActionMask = 2147483647;
			files = (
				C99FB3091DF0BD8D00D679D5 /* LaunchScreen.storyboard in Resources */,
				C99FB3061DF0BD8D00D679D5 /* Assets.xcassets in Resources */,
				C99FB3041DF0BD8D00D679D5 /* Main.storyboard in Resources */,
			);
			runOnlyForDeploymentPostprocessing = 0;
		};
/* End PBXResourcesBuildPhase section */

/* Begin PBXSourcesBuildPhase section */
		C99FB2F71DF0BD8D00D679D5 /* Sources */ = {
			isa = PBXSourcesBuildPhase;
			buildActionMask = 2147483647;
			files = (
				C99FB3011DF0BD8D00D679D5 /* VīęwČøntröłler.swift in Sources */,
				C99FB2FF1DF0BD8D00D679D5 /* AppDelegate.swift in Sources */,
			);
			runOnlyForDeploymentPostprocessing = 0;
		};
		C99FB30B1DF0BD8D00D679D5 /* Sources */ = {
			isa = PBXSourcesBuildPhase;
			buildActionMask = 2147483647;
			files = (
				C99FB3141DF0BD8D00D679D5 /* testTests.swift in Sources */,
			);
			runOnlyForDeploymentPostprocessing = 0;
		};
		C99FB3161DF0BD8D00D679D5 /* Sources */ = {
			isa = PBXSourcesBuildPhase;
			buildActionMask = 2147483647;
			files = (
				C99FB31F1DF0BD8D00D679D5 /* testUITests.swift in Sources */,
			);
			runOnlyForDeploymentPostprocessing = 0;
		};
/* End PBXSourcesBuildPhase section */

/* Begin PBXTargetDependency section */
		C99FB3111DF0BD8D00D679D5 /* PBXTargetDependency */ = {
			isa = PBXTargetDependency;
			target = C99FB2FA1DF0BD8D00D679D5 /* test */;
			targetProxy = C99FB3101DF0BD8D00D679D5 /* PBXContainerItemProxy */;
		};
		C99FB31C1DF0BD8D00D679D5 /* PBXTargetDependency */ = {
			isa = PBXTargetDependency;
			target = C99FB2FA1DF0BD8D00D679D5 /* test */;
			targetProxy = C99FB31B1DF0BD8D00D679D5 /* PBXContainerItemProxy */;
		};
/* End PBXTargetDependency section */

/* Begin PBXVariantGroup section */
		C99FB3021DF0BD8D00D679D5 /* Main.storyboard */ = {
			isa = PBXVariantGroup;
			children = (
				C99FB3031DF0BD8D00D679D5 /* Base */,
			);
			name = Main.storyboard;
			sourceTree = "<group>";
		};
		C99FB3071DF0BD8D00D679D5 /* LaunchScreen.storyboard */ = {
			isa = PBXVariantGroup;
			children = (
				C99FB3081DF0BD8D00D679D5 /* Base */,
			);
			name = LaunchScreen.storyboard;
			sourceTree = "<group>";
		};
/* End PBXVariantGroup section */

/* Begin XCBuildConfiguration section */
		C99FB3211DF0BD8D00D679D5 /* Debug */ = {
			isa = XCBuildConfiguration;
			buildSettings = {
				ALWAYS_SEARCH_USER_PATHS = NO;
				CLANG_ANALYZER_NONNULL = YES;
				CLANG_CXX_LANGUAGE_STANDARD = "gnu++0x";
				CLANG_CXX_LIBRARY = "libc++";
				CLANG_ENABLE_MODULES = YES;
				CLANG_ENABLE_OBJC_ARC = YES;
				CLANG_WARN_BOOL_CONVERSION = YES;
				CLANG_WARN_CONSTANT_CONVERSION = YES;
				CLANG_WARN_DIRECT_OBJC_ISA_USAGE = YES_ERROR;
				CLANG_WARN_DOCUMENTATION_COMMENTS = YES;
				CLANG_WARN_EMPTY_BODY = YES;
				CLANG_WARN_ENUM_CONVERSION = YES;
				CLANG_WARN_INFINITE_RECURSION = YES;
				CLANG_WARN_INT_CONVERSION = YES;
				CLANG_WARN_OBJC_ROOT_CLASS = YES_ERROR;
				CLANG_WARN_SUSPICIOUS_MOVES = YES;
				CLANG_WARN_UNREACHABLE_CODE = YES;
				CLANG_WARN__DUPLICATE_METHOD_MATCH = YES;
				"CODE_SIGN_IDENTITY[sdk=iphoneos*]" = "iPhone Developer";
				COPY_PHASE_STRIP = NO;
				DEBUG_INFORMATION_FORMAT = dwarf;
				ENABLE_STRICT_OBJC_MSGSEND = YES;
				ENABLE_TESTABILITY = YES;
				GCC_C_LANGUAGE_STANDARD = gnu99;
				GCC_DYNAMIC_NO_PIC = NO;
				GCC_NO_COMMON_BLOCKS = YES;
				GCC_OPTIMIZATION_LEVEL = 0;
				GCC_PREPROCESSOR_DEFINITIONS = (
					"DEBUG=1",
					"$(inherited)",
				);
				GCC_WARN_64_TO_32_BIT_CONVERSION = YES;
				GCC_WARN_ABOUT_RETURN_TYPE = YES_ERROR;
				GCC_WARN_UNDECLARED_SELECTOR = YES;
				GCC_WARN_UNINITIALIZED_AUTOS = YES_AGGRESSIVE;
				GCC_WARN_UNUSED_FUNCTION = YES;
				GCC_WARN_UNUSED_VARIABLE = YES;
				IPHONEOS_DEPLOYMENT_TARGET = 10.1;
				MTL_ENABLE_DEBUG_INFO = YES;
				ONLY_ACTIVE_ARCH = YES;
				SDKROOT = iphoneos;
				SWIFT_ACTIVE_COMPILATION_CONDITIONS = DEBUG;
				SWIFT_OPTIMIZATION_LEVEL = "-Onone";
				TARGETED_DEVICE_FAMILY = "1,2";
			};
			name = Debug;
		};
		C99FB3221DF0BD8D00D679D5 /* Release */ = {
			isa = XCBuildConfiguration;
			buildSettings = {
				ALWAYS_SEARCH_USER_PATHS = NO;
				CLANG_ANALYZER_NONNULL = YES;
				CLANG_CXX_LANGUAGE_STANDARD = "gnu++0x";
				CLANG_CXX_LIBRARY = "libc++";
				CLANG_ENABLE_MODULES = YES;
				CLANG_ENABLE_OBJC_ARC = YES;
				CLANG_WARN_BOOL_CONVERSION = YES;
				CLANG_WARN_CONSTANT_CONVERSION = YES;
				CLANG_WARN_DIRECT_OBJC_ISA_USAGE = YES_ERROR;
				CLANG_WARN_DOCUMENTATION_COMMENTS = YES;
				CLANG_WARN_EMPTY_BODY = YES;
				CLANG_WARN_ENUM_CONVERSION = YES;
				CLANG_WARN_INFINITE_RECURSION = YES;
				CLANG_WARN_INT_CONVERSION = YES;
				CLANG_WARN_OBJC_ROOT_CLASS = YES_ERROR;
				CLANG_WARN_SUSPICIOUS_MOVES = YES;
				CLANG_WARN_UNREACHABLE_CODE = YES;
				CLANG_WARN__DUPLICATE_METHOD_MATCH = YES;
				"CODE_SIGN_IDENTITY[sdk=iphoneos*]" = "iPhone Developer";
				COPY_PHASE_STRIP = NO;
				DEBUG_INFORMATION_FORMAT = "dwarf-with-dsym";
				ENABLE_NS_ASSERTIONS = NO;
				ENABLE_STRICT_OBJC_MSGSEND = YES;
				GCC_C_LANGUAGE_STANDARD = gnu99;
				GCC_NO_COMMON_BLOCKS = YES;
				GCC_WARN_64_TO_32_BIT_CONVERSION = YES;
				GCC_WARN_ABOUT_RETURN_TYPE = YES_ERROR;
				GCC_WARN_UNDECLARED_SELECTOR = YES;
				GCC_WARN_UNINITIALIZED_AUTOS = YES_AGGRESSIVE;
				GCC_WARN_UNUSED_FUNCTION = YES;
				GCC_WARN_UNUSED_VARIABLE = YES;
				IPHONEOS_DEPLOYMENT_TARGET = 10.1;
				MTL_ENABLE_DEBUG_INFO = NO;
				SDKROOT = iphoneos;
				SWIFT_OPTIMIZATION_LEVEL = "-Owholemodule";
				TARGETED_DEVICE_FAMILY = "1,2";
				VALIDATE_PRODUCT = YES;
			};
			name = Release;
		};
		C99FB3241DF0BD8D00D679D5 /* Debug */ = {
			isa = XCBuildConfiguration;
			buildSettings = {
				ASSETCATALOG_COMPILER_APPICON_NAME = AppIcon;
				FRAMEWORK_SEARCH_PATHS = (
					"$(SRCROOT)/mod-pbxproj/tests/samples",
					"$(inherited)",
					"$(SRCROOT)/mod-pbxproj/tests/samples",
					"$(inherited)",
					"$(SRCROOT)/mod-pbxproj/tests/samples",
					"$(inherited)",
					"$(SRCROOT)/mod-pbxproj/tests",
					"$(inherited)",
					"$(SRCROOT)/mod-pbxproj/tests",
					"$(inherited)",
				);
				INFOPLIST_FILE = test/Info.plist;
				LD_RUNPATH_SEARCH_PATHS = "$(inherited) @executable_path/Frameworks $(inherited) @executable_path/Frameworks $(inherited) @executable_path/Frameworks $(inherited) @executable_path/Frameworks $(inherited) @executable_path/Frameworks $(inherited) @executable_path/Frameworks $(inherited) @executable_path/Frameworks $(inherited) @executable_path/Frameworks $(inherited) @executable_path/Frameworks $(inherited) @executable_path/Frameworks";
				LIBRARY_SEARCH_PATHS = (
					"$(SRCROOT)/mod-pbxproj/tests/samples/dirA/dirB",
					"$(SRCROOT)/mod-pbxproj/tests/samples/dirA",
					"$(SRCROOT)/mod-pbxproj/tests/samples",
					"$(SRCROOT)/mod-pbxproj/tests/samples/dirA/dirB",
					"$(SRCROOT)/mod-pbxproj/tests/samples/dirA",
					"$(SRCROOT)/mod-pbxproj/tests/samples",
					"$(SRCROOT)/mod-pbxproj/tests/samples/dirA/dirB",
					"$(SRCROOT)/mod-pbxproj/tests/samples/dirA",
					"$(SRCROOT)/mod-pbxproj/tests/samples",
				);
				PRODUCT_BUNDLE_IDENTIFIER = com.github.kronenthaler.pbxproj.test;
				PRODUCT_NAME = "$(TARGET_NAME)";
				SWIFT_VERSION = 3.0;
			};
			name = Debug;
		};
		C99FB3251DF0BD8D00D679D5 /* Release */ = {
			isa = XCBuildConfiguration;
			buildSettings = {
				ASSETCATALOG_COMPILER_APPICON_NAME = AppIcon;
				FRAMEWORK_SEARCH_PATHS = (
					"$(SRCROOT)/mod-pbxproj/tests/samples",
					"$(inherited)",
					"$(SRCROOT)/mod-pbxproj/tests/samples",
					"$(inherited)",
					"$(SRCROOT)/mod-pbxproj/tests/samples",
					"$(inherited)",
					"$(SRCROOT)/mod-pbxproj/tests",
					"$(inherited)",
					"$(SRCROOT)/mod-pbxproj/tests",
					"$(inherited)",
				);
				INFOPLIST_FILE = test/Info.plist;
				LD_RUNPATH_SEARCH_PATHS = "$(inherited) @executable_path/Frameworks $(inherited) @executable_path/Frameworks $(inherited) @executable_path/Frameworks $(inherited) @executable_path/Frameworks $(inherited) @executable_path/Frameworks $(inherited) @executable_path/Frameworks $(inherited) @executable_path/Frameworks $(inherited) @executable_path/Frameworks $(inherited) @executable_path/Frameworks $(inherited) @executable_path/Frameworks";
				LIBRARY_SEARCH_PATHS = (
					"$(SRCROOT)/mod-pbxproj/tests/samples/dirA/dirB",
					"$(SRCROOT)/mod-pbxproj/tests/samples/dirA",
					"$(SRCROOT)/mod-pbxproj/tests/samples",
					"$(SRCROOT)/mod-pbxproj/tests/samples/dirA/dirB",
					"$(SRCROOT)/mod-pbxproj/tests/samples/dirA",
					"$(SRCROOT)/mod-pbxproj/tests/samples",
					"$(SRCROOT)/mod-pbxproj/tests/samples/dirA/dirB",
					"$(SRCROOT)/mod-pbxproj/tests/samples/dirA",
					"$(SRCROOT)/mod-pbxproj/tests/samples",
				);
				PRODUCT_BUNDLE_IDENTIFIER = com.github.kronenthaler.pbxproj.test;
				PRODUCT_NAME = "$(TARGET_NAME)";
				SWIFT_VERSION = 3.0;
			};
			name = Release;
		};
		C99FB3271DF0BD8D00D679D5 /* Debug */ = {
			isa = XCBuildConfiguration;
			buildSettings = {
				ALWAYS_EMBED_SWIFT_STANDARD_LIBRARIES = YES;
				BUNDLE_LOADER = "$(TEST_HOST)";
				FRAMEWORK_SEARCH_PATHS = (
					"$(SRCROOT)/mod-pbxproj/tests/samples",
					"$(inherited)",
					"$(SRCROOT)/mod-pbxproj/tests/samples",
					"$(inherited)",
					"$(SRCROOT)/mod-pbxproj/tests/samples",
					"$(inherited)",
					"$(SRCROOT)/mod-pbxproj/tests",
					"$(inherited)",
					"$(SRCROOT)/mod-pbxproj/tests",
					"$(inherited)",
				);
				INFOPLIST_FILE = testTests/Info.plist;
				LD_RUNPATH_SEARCH_PATHS = "$(inherited) @executable_path/Frameworks @loader_path/Frameworks $(inherited) @executable_path/Frameworks $(inherited) @executable_path/Frameworks $(inherited) @executable_path/Frameworks $(inherited) @executable_path/Frameworks $(inherited) @executable_path/Frameworks $(inherited) @executable_path/Frameworks $(inherited) @executable_path/Frameworks $(inherited) @executable_path/Frameworks $(inherited) @executable_path/Frameworks";
				LIBRARY_SEARCH_PATHS = (
					"$(SRCROOT)/mod-pbxproj/tests/samples/dirA/dirB",
					"$(SRCROOT)/mod-pbxproj/tests/samples/dirA",
					"$(SRCROOT)/mod-pbxproj/tests/samples",
					"$(SRCROOT)/mod-pbxproj/tests/samples/dirA/dirB",
					"$(SRCROOT)/mod-pbxproj/tests/samples/dirA",
					"$(SRCROOT)/mod-pbxproj/tests/samples",
					"$(SRCROOT)/mod-pbxproj/tests/samples/dirA/dirB",
					"$(SRCROOT)/mod-pbxproj/tests/samples/dirA",
					"$(SRCROOT)/mod-pbxproj/tests/samples",
				);
				PRODUCT_BUNDLE_IDENTIFIER = com.github.kronenthaler.pbxproj.testTests;
				PRODUCT_NAME = "$(TARGET_NAME)";
				SWIFT_VERSION = 3.0;
				TEST_HOST = "$(BUILT_PRODUCTS_DIR)/test.app/test";
			};
			name = Debug;
		};
		C99FB3281DF0BD8D00D679D5 /* Release */ = {
			isa = XCBuildConfiguration;
			buildSettings = {
				ALWAYS_EMBED_SWIFT_STANDARD_LIBRARIES = YES;
				BUNDLE_LOADER = "$(TEST_HOST)";
				FRAMEWORK_SEARCH_PATHS = (
					"$(SRCROOT)/mod-pbxproj/tests/samples",
					"$(inherited)",
					"$(SRCROOT)/mod-pbxproj/tests/samples",
					"$(inherited)",
					"$(SRCROOT)/mod-pbxproj/tests/samples",
					"$(inherited)",
					"$(SRCROOT)/mod-pbxproj/tests",
					"$(inherited)",
					"$(SRCROOT)/mod-pbxproj/tests",
					"$(inherited)",
				);
				INFOPLIST_FILE = testTests/Info.plist;
				LD_RUNPATH_SEARCH_PATHS = "$(inherited) @executable_path/Frameworks @loader_path/Frameworks $(inherited) @executable_path/Frameworks $(inherited) @executable_path/Frameworks $(inherited) @executable_path/Frameworks $(inherited) @executable_path/Frameworks $(inherited) @executable_path/Frameworks $(inherited) @executable_path/Frameworks $(inherited) @executable_path/Frameworks $(inherited) @executable_path/Frameworks $(inherited) @executable_path/Frameworks";
				LIBRARY_SEARCH_PATHS = (
					"$(SRCROOT)/mod-pbxproj/tests/samples/dirA/dirB",
					"$(SRCROOT)/mod-pbxproj/tests/samples/dirA",
					"$(SRCROOT)/mod-pbxproj/tests/samples",
					"$(SRCROOT)/mod-pbxproj/tests/samples/dirA/dirB",
					"$(SRCROOT)/mod-pbxproj/tests/samples/dirA",
					"$(SRCROOT)/mod-pbxproj/tests/samples",
					"$(SRCROOT)/mod-pbxproj/tests/samples/dirA/dirB",
					"$(SRCROOT)/mod-pbxproj/tests/samples/dirA",
					"$(SRCROOT)/mod-pbxproj/tests/samples",
				);
				PRODUCT_BUNDLE_IDENTIFIER = com.github.kronenthaler.pbxproj.testTests;
				PRODUCT_NAME = "$(TARGET_NAME)";
				SWIFT_VERSION = 3.0;
				TEST_HOST = "$(BUILT_PRODUCTS_DIR)/test.app/test";
			};
			name = Release;
		};
		C99FB32A1DF0BD8D00D679D5 /* Debug */ = {
			isa = XCBuildConfiguration;
			buildSettings = {
				ALWAYS_EMBED_SWIFT_STANDARD_LIBRARIES = YES;
				FRAMEWORK_SEARCH_PATHS = (
					"$(SRCROOT)/mod-pbxproj/tests/samples",
					"$(inherited)",
					"$(SRCROOT)/mod-pbxproj/tests/samples",
					"$(inherited)",
					"$(SRCROOT)/mod-pbxproj/tests/samples",
					"$(inherited)",
					"$(SRCROOT)/mod-pbxproj/tests",
					"$(inherited)",
					"$(SRCROOT)/mod-pbxproj/tests",
					"$(inherited)",
				);
				INFOPLIST_FILE = testUITests/Info.plist;
				LD_RUNPATH_SEARCH_PATHS = "$(inherited) @executable_path/Frameworks @loader_path/Frameworks $(inherited) @executable_path/Frameworks $(inherited) @executable_path/Frameworks $(inherited) @executable_path/Frameworks $(inherited) @executable_path/Frameworks $(inherited) @executable_path/Frameworks $(inherited) @executable_path/Frameworks $(inherited) @executable_path/Frameworks $(inherited) @executable_path/Frameworks $(inherited) @executable_path/Frameworks";
				LIBRARY_SEARCH_PATHS = (
					"$(SRCROOT)/mod-pbxproj/tests/samples/dirA/dirB",
					"$(SRCROOT)/mod-pbxproj/tests/samples/dirA",
					"$(SRCROOT)/mod-pbxproj/tests/samples",
					"$(SRCROOT)/mod-pbxproj/tests/samples/dirA/dirB",
					"$(SRCROOT)/mod-pbxproj/tests/samples/dirA",
					"$(SRCROOT)/mod-pbxproj/tests/samples",
					"$(SRCROOT)/mod-pbxproj/tests/samples/dirA/dirB",
					"$(SRCROOT)/mod-pbxproj/tests/samples/dirA",
					"$(SRCROOT)/mod-pbxproj/tests/samples",
				);
				PRODUCT_BUNDLE_IDENTIFIER = com.github.kronenthaler.pbxproj.testUITests;
				PRODUCT_NAME = "$(TARGET_NAME)";
				SWIFT_VERSION = 3.0;
				TEST_TARGET_NAME = test;
			};
			name = Debug;
		};
		C99FB32B1DF0BD8D00D679D5 /* Release */ = {
			isa = XCBuildConfiguration;
			buildSettings = {
				ALWAYS_EMBED_SWIFT_STANDARD_LIBRARIES = YES;
				FRAMEWORK_SEARCH_PATHS = (
					"$(SRCROOT)/mod-pbxproj/tests/samples",
					"$(inherited)",
					"$(SRCROOT)/mod-pbxproj/tests/samples",
					"$(inherited)",
					"$(SRCROOT)/mod-pbxproj/tests/samples",
					"$(inherited)",
					"$(SRCROOT)/mod-pbxproj/tests",
					"$(inherited)",
					"$(SRCROOT)/mod-pbxproj/tests",
					"$(inherited)",
				);
				INFOPLIST_FILE = testUITests/Info.plist;
				LD_RUNPATH_SEARCH_PATHS = "$(inherited) @executable_path/Frameworks @loader_path/Frameworks $(inherited) @executable_path/Frameworks $(inherited) @executable_path/Frameworks $(inherited) @executable_path/Frameworks $(inherited) @executable_path/Frameworks $(inherited) @executable_path/Frameworks $(inherited) @executable_path/Frameworks $(inherited) @executable_path/Frameworks $(inherited) @executable_path/Frameworks $(inherited) @executable_path/Frameworks";
				LIBRARY_SEARCH_PATHS = (
					"$(SRCROOT)/mod-pbxproj/tests/samples/dirA/dirB",
					"$(SRCROOT)/mod-pbxproj/tests/samples/dirA",
					"$(SRCROOT)/mod-pbxproj/tests/samples",
					"$(SRCROOT)/mod-pbxproj/tests/samples/dirA/dirB",
					"$(SRCROOT)/mod-pbxproj/tests/samples/dirA",
					"$(SRCROOT)/mod-pbxproj/tests/samples",
					"$(SRCROOT)/mod-pbxproj/tests/samples/dirA/dirB",
					"$(SRCROOT)/mod-pbxproj/tests/samples/dirA",
					"$(SRCROOT)/mod-pbxproj/tests/samples",
				);
				PRODUCT_BUNDLE_IDENTIFIER = com.github.kronenthaler.pbxproj.testUITests;
				PRODUCT_NAME = "$(TARGET_NAME)";
				SWIFT_VERSION = 3.0;
				TEST_TARGET_NAME = test;
			};
			name = Release;
		};
/* End XCBuildConfiguration section */

/* Begin XCConfigurationList section */
		C99FB2F61DF0BD8D00D679D5 /* Build configuration list for PBXProject "test" */ = {
			isa = XCConfigurationList;
			buildConfigurations = (
				C99FB3211DF0BD8D00D679D5 /* Debug */,
				C99FB3221DF0BD8D00D679D5 /* Release */,
			);
			defaultConfigurationIsVisible = 0;
			defaultConfigurationName = Release;
		};
		C99FB3231DF0BD8D00D679D5 /* Build configuration list for PBXNativeTarget "test" */ = {
			isa = XCConfigurationList;
			buildConfigurations = (
				C99FB3241DF0BD8D00D679D5 /* Debug */,
				C99FB3251DF0BD8D00D679D5 /* Release */,
			);
			defaultConfigurationIsVisible = 0;
			defaultConfigurationName = Release;
		};
		C99FB3261DF0BD8D00D679D5 /* Build configuration list for PBXNativeTarget "testTests" */ = {
			isa = XCConfigurationList;
			buildConfigurations = (
				C99FB3271DF0BD8D00D679D5 /* Debug */,
				C99FB3281DF0BD8D00D679D5 /* Release */,
			);
			defaultConfigurationIsVisible = 0;
			defaultConfigurationName = Release;
		};
		C99FB3291DF0BD8D00D679D5 /* Build configuration list for PBXNativeTarget "testUITests" */ = {
			isa = XCConfigurationList;
			buildConfigurations = (
				C99FB32A1DF0BD8D00D679D5 /* Debug */,
				C99FB32B1DF0BD8D00D679D5 /* Release */,
			);
			defaultConfigurationIsVisible = 0;
			defaultConfigurationName = Release;
		};
/* End XCConfigurationList section */
	};
	rootObject = C99FB2F31DF0BD8D00D679D5 /* Project object */;
}
